PODS:
  - Alamofire (5.2.1)
  - Kingfisher (5.14.0):
    - Kingfisher/Core (= 5.14.0)
  - Kingfisher/Core (5.14.0)
  - Realm (5.0.3):
    - Realm/Headers (= 5.0.3)
  - Realm/Headers (5.0.3)
  - RealmSwift (5.0.3):
    - Realm (= 5.0.3)
  - RxCocoa (5.1.1):
    - RxRelay (~> 5)
    - RxSwift (~> 5)
  - RxRelay (5.1.1):
    - RxSwift (~> 5)
  - RxSwift (5.1.1)
  - SVProgressHUD (2.2.5)
  - SwiftyJSON (4.3.0)

DEPENDENCIES:
  - Alamofire (~> 5.2)
  - Kingfisher (~> 5.0)
  - RealmSwift
  - RxCocoa (~> 5)
  - RxSwift (~> 5)
  - SVProgressHUD
  - SwiftyJSON (~> 4.0)

SPEC REPOS:
  trunk:
    - Alamofire
    - Kingfisher
    - Realm
    - RealmSwift
    - RxCocoa
    - RxRelay
    - RxSwift
    - SVProgressHUD
    - SwiftyJSON

SPEC CHECKSUMS:
  Alamofire: e911732990610fe89af59ac0077f923d72dc3dfd
  Kingfisher: 7b64389a43139c903ec434788344c288217c792d
  Realm: bfca1699b61b0b17c3a69ae0e648314eae91fbdb
  RealmSwift: 493c9f089cd3893b3959007973c0e4f640906ba0
  RxCocoa: 32065309a38d29b5b0db858819b5bf9ef038b601
  RxRelay: d77f7d771495f43c556cbc43eebd1bb54d01e8e9
  RxSwift: 81470a2074fa8780320ea5fe4102807cb7118178
  SVProgressHUD: 1428aafac632c1f86f62aa4243ec12008d7a51d6
  SwiftyJSON: 6faa0040f8b59dead0ee07436cbf76b73c08fd08

PODFILE CHECKSUM: 666dad6ddee5f636ede3947130f021e8d0c6570f

COCOAPODS: 1.9.1
